# This file is automatically @generated by pesde.
# It is not intended for manual editing.
format = 2
name = "pesde/toolchainlib"
version = "0.1.15"
target = "lune"

[graph."abidbmt/dirs@0.6.0 lune"]
direct = ["dirs", { name = "abidbmt/dirs", version = "^0.6.0", index = "default" }, "standard"]

[graph."abidbmt/dirs@0.6.0 lune".dependencies]
greentea = ["abidbmt/greentea@0.5.1 lune", "standard"]
pathfs = ["abidbmt/pathfs@0.6.1 lune", "standard"]

[graph."abidbmt/dirs@0.6.0 lune".pkg_ref]
ref_ty = "pesde"
index_url = "https://github.com/pesde-pkg/index"

[graph."abidbmt/dirs@0.6.0 lune".pkg_ref.dependencies]
greentea = [{ name = "abidbmt/greentea", version = "^0.5.1", index = "https://github.com/pesde-pkg/index" }, "standard"]
pathfs = [{ name = "abidbmt/pathfs", version = "^0.6.1", index = "https://github.com/pesde-pkg/index" }, "standard"]

[graph."abidbmt/greentea@0.5.1 lune".pkg_ref]
ref_ty = "pesde"
index_url = "https://github.com/pesde-pkg/index"

[graph."abidbmt/pathfs@0.6.1 lune"]
direct = ["pathfs", { name = "abidbmt/pathfs", version = "^0.6.1", index = "default" }, "standard"]

[graph."abidbmt/pathfs@0.6.1 lune".dependencies]
greentea = ["abidbmt/greentea@0.5.1 lune", "standard"]
luau_path = ["jiwonz/luau_path@0.2.0 luau", "standard"]

[graph."abidbmt/pathfs@0.6.1 lune".pkg_ref]
ref_ty = "pesde"
index_url = "https://github.com/pesde-pkg/index"

[graph."abidbmt/pathfs@0.6.1 lune".pkg_ref.dependencies]
frktest = [{ name = "itsfrank/frktest", version = "^0.0.2", index = "https://github.com/pesde-pkg/index" }, "dev"]
greentea = [{ name = "abidbmt/greentea", version = "^0.5.1", index = "https://github.com/pesde-pkg/index" }, "standard"]
luau_path = [{ name = "jiwonz/luau_path", version = "^0.2.0", index = "https://github.com/pesde-pkg/index", target = "luau" }, "standard"]

[graph."abidbmt/unzip@0.2.2 luau"]
direct = ["unzip", { name = "abidbmt/unzip", version = "^0.2.2", index = "default", target = "luau" }, "standard"]

[graph."abidbmt/unzip@0.2.2 luau".pkg_ref]
ref_ty = "pesde"
index_url = "https://github.com/pesde-pkg/index"

[graph."abidbmt/unzip@0.2.2 luau".pkg_ref.dependencies]
asciitable = [{ name = "kimpure/asciitable", version = "^0.2.1", index = "https://github.com/pesde-pkg/index" }, "dev"]
frktest = [{ name = "itsfrank/frktest", version = "^0.0.2", index = "https://github.com/pesde-pkg/index", target = "lune" }, "dev"]
luau-lsp = [{ name = "pesde/luau_lsp", version = "=1.39.2", index = "https://github.com/pesde-pkg/index", target = "lune" }, "dev"]
stylua = [{ name = "pesde/stylua", version = "=2.0.2", index = "https://github.com/pesde-pkg/index", target = "lune" }, "dev"]

[graph."jiwonz/luau_disk@0.2.0 luau".pkg_ref]
ref_ty = "pesde"
index_url = "https://github.com/pesde-pkg/index"

[graph."jiwonz/luau_path@0.2.0 luau".dependencies]
luau_disk = ["jiwonz/luau_disk@0.2.0 luau", "standard"]

[graph."jiwonz/luau_path@0.2.0 luau".pkg_ref]
ref_ty = "pesde"
index_url = "https://github.com/pesde-pkg/index"

[graph."jiwonz/luau_path@0.2.0 luau".pkg_ref.dependencies]
luau_disk = [{ name = "jiwonz/luau_disk", version = "^0.2.0", index = "https://github.com/pesde-pkg/index" }, "standard"]

[graph."lukadev_0/option@1.2.1 lune"]
direct = ["option", { name = "lukadev_0/option", version = "^1.2.1", index = "default" }, "peer"]

[graph."lukadev_0/option@1.2.1 lune".pkg_ref]
ref_ty = "pesde"
index_url = "https://github.com/pesde-pkg/index"

[graph."lukadev_0/result@1.2.1 lune"]
direct = ["result", { name = "lukadev_0/result", version = "^1.2.1", index = "default" }, "peer"]

[graph."lukadev_0/result@1.2.1 lune".pkg_ref]
ref_ty = "pesde"
index_url = "https://github.com/pesde-pkg/index"
